{
  "nodes": {
    "delude": {
      "inputs": {
        "nixpkgs": [
          "nixpkgs"
        ]
      },
      "locked": {
        "lastModified": 1638390038,
        "narHash": "sha256-cnHpGdm/7OHaxvnzV2iSaT5Hd2lJnXnZ4Cmo6cKGe6g=",
        "owner": "chuahou",
        "repo": "delude",
        "rev": "327bbfc692617756ce4e5f39bcc5afebfedfab5b",
        "type": "github"
      },
      "original": {
        "owner": "chuahou",
        "ref": "v0.1.0.5",
        "repo": "delude",
        "type": "github"
      }
    },
    "nixpkgs": {
      "locked": {
        "lastModified": 1638279546,
        "narHash": "sha256-1KCwN7twjp1dBdp0jPgVdYFztDkCR8+roo0B34J9oBY=",
        "owner": "NixOS",
        "repo": "nixpkgs",
        "rev": "96b4157790fc96e70d6e6c115e3f34bba7be490f",
        "type": "github"
      },
      "original": {
        "id": "nixpkgs",
        "ref": "nixos-21.11",
        "type": "indirect"
      }
    },
    "root": {
      "inputs": {
        "delude": "delude",
        "nixpkgs": "nixpkgs"
      }
    }
  },
  "root": "root",
  "version": 7
}
